{
  "name": "wx",
  "lockfileVersion": 3,
  "requires": true,
  "packages": {
    "": {
      "dependencies": {
        "@vant/weapp": "^1.10.19"
      }
    },
    "node_modules/@vant/weapp": {
      "version": "1.10.19",
      "resolved": "https://registry.npmmirror.com/@vant/weapp/-/weapp-1.10.19.tgz",
      "integrity": "sha512-RStOPlSELi9lqim9dGagguViUVMNnfZaEceZ248JZgPjn5TzL2nwwHGWl9VI69SBPC+5MPS+LXm7Z4jcdscFeg=="
    }
  }
}
